{
  "name": "Tomaoli",
  "lockfileVersion": 2,
  "requires": true,
  "packages": {
    "": {
      "dependencies": {
        "autoload": "^0.1.2",
        "composer": "^4.1.0"
      }
    },
    "node_modules/autoload": {
      "version": "0.1.2",
      "resolved": "https://registry.npmjs.org/autoload/-/autoload-0.1.2.tgz",
      "integrity": "sha512-SeMTiwY5p9c+3nIdT2DdIhJZj0BKwcSuqOLCg2MwV6qWmo5jDEgIugEFdhJIUYUTJ428RV49Ik5UkpmzM1k0gw=="
    },
    "node_modules/composer": {
      "version": "4.1.0",
      "resolved": "https://registry.npmjs.org/composer/-/composer-4.1.0.tgz",
      "integrity": "sha512-qIIoNYjwFHrQFUdB8kD3pZs30+JeYK9149EpOYr/NVrii00KMO31IonzZMeRSU4qazyWZpEgVzkBmQ6VFWxedA==",
      "dependencies": {
        "pretty-time": "^1.1.0",
        "use": "^3.1.1"
      },
      "engines": {
        "node": ">=8"
      }
    },
    "node_modules/pretty-time": {
      "version": "1.1.0",
      "resolved": "https://registry.npmjs.org/pretty-time/-/pretty-time-1.1.0.tgz",
      "integrity": "sha512-28iF6xPQrP8Oa6uxE6a1biz+lWeTOAPKggvjB8HAs6nVMKZwf5bG++632Dx614hIWgUPkgivRfG+a8uAXGTIbA==",
      "engines": {
        "node": ">=4"
      }
    },
    "node_modules/use": {
      "version": "3.1.1",
      "resolved": "https://registry.npmjs.org/use/-/use-3.1.1.tgz",
      "integrity": "sha512-cwESVXlO3url9YWlFW/TA9cshCEhtu7IKJ/p5soJ/gGpj7vbvFrAY/eIioQ6Dw23KjZhYgiIo8HOs1nQ2vr/oQ==",
      "engines": {
        "node": ">=0.10.0"
      }
    }
  },
  "dependencies": {
    "autoload": {
      "version": "0.1.2",
      "resolved": "https://registry.npmjs.org/autoload/-/autoload-0.1.2.tgz",
      "integrity": "sha512-SeMTiwY5p9c+3nIdT2DdIhJZj0BKwcSuqOLCg2MwV6qWmo5jDEgIugEFdhJIUYUTJ428RV49Ik5UkpmzM1k0gw=="
    },
    "composer": {
      "version": "4.1.0",
      "resolved": "https://registry.npmjs.org/composer/-/composer-4.1.0.tgz",
      "integrity": "sha512-qIIoNYjwFHrQFUdB8kD3pZs30+JeYK9149EpOYr/NVrii00KMO31IonzZMeRSU4qazyWZpEgVzkBmQ6VFWxedA==",
      "requires": {
        "pretty-time": "^1.1.0",
        "use": "^3.1.1"
      }
    },
    "pretty-time": {
      "version": "1.1.0",
      "resolved": "https://registry.npmjs.org/pretty-time/-/pretty-time-1.1.0.tgz",
      "integrity": "sha512-28iF6xPQrP8Oa6uxE6a1biz+lWeTOAPKggvjB8HAs6nVMKZwf5bG++632Dx614hIWgUPkgivRfG+a8uAXGTIbA=="
    },
    "use": {
      "version": "3.1.1",
      "resolved": "https://registry.npmjs.org/use/-/use-3.1.1.tgz",
      "integrity": "sha512-cwESVXlO3url9YWlFW/TA9cshCEhtu7IKJ/p5soJ/gGpj7vbvFrAY/eIioQ6Dw23KjZhYgiIo8HOs1nQ2vr/oQ=="
    }
  }
}
